{
  "version": 4,
  "terraform_version": "1.14.4",
  "serial": 48,
  "lineage": "26f5e715-5e6a-db62-9b3b-85d8495e15cd",
  "outputs": {},
  "resources": [
    {
      "mode": "managed",
      "type": "aws_cloudwatch_event_rule",
      "name": "every_5_min",
      "provider": "provider[\"registry.terraform.io/hashicorp/aws\"]",
      "instances": [
        {
          "schema_version": 1,
          "attributes": {
            "arn": "arn:aws:events:us-east-1:218167710596:rule/terraform-20260131035805685100000001",
            "description": "",
            "event_bus_name": "default",
            "event_pattern": null,
            "force_destroy": false,
            "id": "terraform-20260131035805685100000001",
            "is_enabled": true,
            "name": "terraform-20260131035805685100000001",
            "name_prefix": "terraform-",
            "region": "us-east-1",
            "role_arn": "",
            "schedule_expression": "rate(5 minutes)",
            "state": "ENABLED",
            "tags": null,
            "tags_all": {}
          },
          "sensitive_attributes": [],
          "identity_schema_version": 0,
          "identity": {
            "account_id": "218167710596",
            "name": "terraform-20260131035805685100000001",
            "region": "us-east-1"
          },
          "private": "eyJzY2hlbWFfdmVyc2lvbiI6IjEifQ=="
        }
      ]
    },
    {
      "mode": "managed",
      "type": "aws_iam_role",
      "name": "lambda_role",
      "provider": "provider[\"registry.terraform.io/hashicorp/aws\"]",
      "instances": [
        {
          "schema_version": 0,
          "attributes": {
            "arn": "arn:aws:iam::218167710596:role/lambda-stop-all-ec2-role",
            "assume_role_policy": "{\"Statement\":[{\"Action\":\"sts:AssumeRole\",\"Effect\":\"Allow\",\"Principal\":{\"Service\":\"lambda.amazonaws.com\"}}],\"Version\":\"2012-10-17\"}",
            "create_date": "2026-01-31T03:58:12Z",
            "description": "",
            "force_detach_policies": false,
            "id": "lambda-stop-all-ec2-role",
            "inline_policy": [],
            "managed_policy_arns": [],
            "max_session_duration": 3600,
            "name": "lambda-stop-all-ec2-role",
            "name_prefix": "",
            "path": "/",
            "permissions_boundary": "",
            "tags": null,
            "tags_all": {},
            "unique_id": "AROATFS6PCOCETNSGVXBU"
          },
          "sensitive_attributes": [],
          "identity_schema_version": 0,
          "identity": {
            "account_id": "218167710596",
            "name": "lambda-stop-all-ec2-role"
          },
          "private": "bnVsbA=="
        }
      ]
    },
    {
      "mode": "managed",
      "type": "aws_iam_role_policy",
      "name": "lambda_policy",
      "provider": "provider[\"registry.terraform.io/hashicorp/aws\"]",
      "instances": [
        {
          "schema_version": 0,
          "attributes": {
            "id": "lambda-stop-all-ec2-role:terraform-20260131035813395400000002",
            "name": "terraform-20260131035813395400000002",
            "name_prefix": "terraform-",
            "policy": "{\"Version\":\"2012-10-17\",\"Statement\":[{\"Action\":[\"ec2:DescribeInstances\",\"ec2:StopInstances\"],\"Effect\":\"Allow\",\"Resource\":\"*\"},{\"Action\":[\"logs:*\"],\"Effect\":\"Allow\",\"Resource\":\"*\"}]}",
            "role": "lambda-stop-all-ec2-role"
          },
          "sensitive_attributes": [],
          "identity_schema_version": 0,
          "identity": {
            "account_id": "218167710596",
            "name": "terraform-20260131035813395400000002",
            "role": "lambda-stop-all-ec2-role"
          },
          "private": "bnVsbA==",
          "dependencies": [
            "aws_iam_role.lambda_role"
          ]
        }
      ]
    }
  ],
  "check_results": null
}
